
Microsoft Visual Studio Solution File, Format Version 12.00
# Visual Studio Version 16
VisualStudioVersion = 16.0.29306.81
MinimumVisualStudioVersion = 10.0.40219.1
Project("{FAE04EC0-301F-11D3-BF4B-00C04F79EFBC}") = "SpecLookUp", "SpecLookUp\SpecLookUp.csproj", "{03E0916A-BC91-4AD2-8F1E-0CD3C09935A8}"
EndProject
Global
	GlobalSection(SolutionConfigurationPlatforms) = preSolution
		Debug|Any CPU = Debug|Any CPU
		Release|Any CPU = Release|Any CPU
	EndGlobalSection
	GlobalSection(ProjectConfigurationPlatforms) = postSolution
		{03E0916A-BC91-4AD2-8F1E-0CD3C09935A8}.Debug|Any CPU.ActiveCfg = Debug|Any CPU
		{03E0916A-BC91-4AD2-8F1E-0CD3C09935A8}.Debug|Any CPU.Build.0 = Debug|Any CPU
		{03E0916A-BC91-4AD2-8F1E-0CD3C09935A8}.Release|Any CPU.ActiveCfg = Release|Any CPU
		{03E0916A-BC91-4AD2-8F1E-0CD3C09935A8}.Release|Any CPU.Build.0 = Release|Any CPU
	EndGlobalSection
	GlobalSection(SolutionProperties) = preSolution
		HideSolutionNode = FALSE
	EndGlobalSection
	GlobalSection(ExtensibilityGlobals) = postSolution
		SolutionGuid = {3564CC6E-34A7-4AE9-8474-816EE4C4AE3F}
	EndGlobalSection
EndGlobal
